// !$*UTF8*$!
{
	archiveVersion = 1;
	classes = {
	};
	objectVersion = 56;
	objects = {

/* Begin PBXBuildFile section */
		84F02F332B1E2D8000F61303 /* FrenchVerbAPI.swift in Sources */ = {isa = PBXBuildFile; fileRef = 84F02F282B1E2D8000F61303 /* FrenchVerbAPI.swift */; };
		84F02F342B1E2D8000F61303 /* API.swift in Sources */ = {isa = PBXBuildFile; fileRef = 84F02F292B1E2D8000F61303 /* API.swift */; };
		84F02F352B1E2D8000F61303 /* FrenchVerbInfinitiveModel.swift in Sources */ = {isa = PBXBuildFile; fileRef = 84F02F2B2B1E2D8000F61303 /* FrenchVerbInfinitiveModel.swift */; };
		84F02F362B1E2D8000F61303 /* FrenchVerbParticipeModel.swift in Sources */ = {isa = PBXBuildFile; fileRef = 84F02F2C2B1E2D8000F61303 /* FrenchVerbParticipeModel.swift */; };
		84F02F372B1E2D8000F61303 /* FrenchVerbConditionnelModel.swift in Sources */ = {isa = PBXBuildFile; fileRef = 84F02F2D2B1E2D8000F61303 /* FrenchVerbConditionnelModel.swift */; };
		84F02F382B1E2D8000F61303 /* example.json in Resources */ = {isa = PBXBuildFile; fileRef = 84F02F2E2B1E2D8000F61303 /* example.json */; };
		84F02F392B1E2D8000F61303 /* FrenchVerbModel.swift in Sources */ = {isa = PBXBuildFile; fileRef = 84F02F2F2B1E2D8000F61303 /* FrenchVerbModel.swift */; };
		84F02F3A2B1E2D8000F61303 /* FrenchVerbImperatifModel.swift in Sources */ = {isa = PBXBuildFile; fileRef = 84F02F302B1E2D8000F61303 /* FrenchVerbImperatifModel.swift */; };
		84F02F3B2B1E2D8000F61303 /* FrenchVerbIndicatifModel.swift in Sources */ = {isa = PBXBuildFile; fileRef = 84F02F312B1E2D8000F61303 /* FrenchVerbIndicatifModel.swift */; };
		84F02F3C2B1E2D8000F61303 /* FrenchVerbSubjonctifModel.swift in Sources */ = {isa = PBXBuildFile; fileRef = 84F02F322B1E2D8000F61303 /* FrenchVerbSubjonctifModel.swift */; };
		84F02F3F2B1E2D9500F61303 /* Context.swift in Sources */ = {isa = PBXBuildFile; fileRef = 84F02F3E2B1E2D9500F61303 /* Context.swift */; };
		BE5675A92ACDC90A00ACB14C /* AppDelegate.swift in Sources */ = {isa = PBXBuildFile; fileRef = BE5675A82ACDC90A00ACB14C /* AppDelegate.swift */; };
		BE5675AB2ACDC90A00ACB14C /* SceneDelegate.swift in Sources */ = {isa = PBXBuildFile; fileRef = BE5675AA2ACDC90A00ACB14C /* SceneDelegate.swift */; };
		BE5675AD2ACDC90A00ACB14C /* ViewController.swift in Sources */ = {isa = PBXBuildFile; fileRef = BE5675AC2ACDC90A00ACB14C /* ViewController.swift */; };
		BE5675B02ACDC90A00ACB14C /* Main.storyboard in Resources */ = {isa = PBXBuildFile; fileRef = BE5675AE2ACDC90A00ACB14C /* Main.storyboard */; };
		BE5675B22ACDC90C00ACB14C /* Assets.xcassets in Resources */ = {isa = PBXBuildFile; fileRef = BE5675B12ACDC90C00ACB14C /* Assets.xcassets */; };
		BE5675B52ACDC90C00ACB14C /* LaunchScreen.storyboard in Resources */ = {isa = PBXBuildFile; fileRef = BE5675B32ACDC90C00ACB14C /* LaunchScreen.storyboard */; };
		BE768D872B0E3C8C005C8CCE /* Toast.swift in Sources */ = {isa = PBXBuildFile; fileRef = BE768D862B0E3C8C005C8CCE /* Toast.swift */; };
		BE768D892B0E3CB6005C8CCE /* enumSegue.swift in Sources */ = {isa = PBXBuildFile; fileRef = BE768D882B0E3CB6005C8CCE /* enumSegue.swift */; };
		BE768D8D2B0E4AFD005C8CCE /* SignUpPageViewController.swift in Sources */ = {isa = PBXBuildFile; fileRef = BE768D8C2B0E4AFD005C8CCE /* SignUpPageViewController.swift */; };
		BE768D912B0E7978005C8CCE /* ConjugationPageViewController.swift in Sources */ = {isa = PBXBuildFile; fileRef = BE768D902B0E7978005C8CCE /* ConjugationPageViewController.swift */; };
		BE79ABF82B1441AD00F30E53 /* VerbProvider.swift in Sources */ = {isa = PBXBuildFile; fileRef = BE79ABF72B1441AD00F30E53 /* VerbProvider.swift */; };
		BE7D84102B14D8FA000AB436 /* SecondTableViewCell.swift in Sources */ = {isa = PBXBuildFile; fileRef = BE7D840E2B14D8FA000AB436 /* SecondTableViewCell.swift */; };
		BE7D84112B14D8FA000AB436 /* SecondTableViewCell.xib in Resources */ = {isa = PBXBuildFile; fileRef = BE7D840F2B14D8FA000AB436 /* SecondTableViewCell.xib */; };
		BE8CBD552AD98835008E590F /* LogInPageViewController.swift in Sources */ = {isa = PBXBuildFile; fileRef = BE8CBD542AD98835008E590F /* LogInPageViewController.swift */; };
/* End PBXBuildFile section */

/* Begin PBXFileReference section */
		84F02F282B1E2D8000F61303 /* FrenchVerbAPI.swift */ = {isa = PBXFileReference; fileEncoding = 4; lastKnownFileType = sourcecode.swift; path = FrenchVerbAPI.swift; sourceTree = "<group>"; };
		84F02F292B1E2D8000F61303 /* API.swift */ = {isa = PBXFileReference; fileEncoding = 4; lastKnownFileType = sourcecode.swift; path = API.swift; sourceTree = "<group>"; };
		84F02F2B2B1E2D8000F61303 /* FrenchVerbInfinitiveModel.swift */ = {isa = PBXFileReference; fileEncoding = 4; lastKnownFileType = sourcecode.swift; path = FrenchVerbInfinitiveModel.swift; sourceTree = "<group>"; };
		84F02F2C2B1E2D8000F61303 /* FrenchVerbParticipeModel.swift */ = {isa = PBXFileReference; fileEncoding = 4; lastKnownFileType = sourcecode.swift; path = FrenchVerbParticipeModel.swift; sourceTree = "<group>"; };
		84F02F2D2B1E2D8000F61303 /* FrenchVerbConditionnelModel.swift */ = {isa = PBXFileReference; fileEncoding = 4; lastKnownFileType = sourcecode.swift; path = FrenchVerbConditionnelModel.swift; sourceTree = "<group>"; };
		84F02F2E2B1E2D8000F61303 /* example.json */ = {isa = PBXFileReference; fileEncoding = 4; lastKnownFileType = text.json; path = example.json; sourceTree = "<group>"; };
		84F02F2F2B1E2D8000F61303 /* FrenchVerbModel.swift */ = {isa = PBXFileReference; fileEncoding = 4; lastKnownFileType = sourcecode.swift; path = FrenchVerbModel.swift; sourceTree = "<group>"; };
		84F02F302B1E2D8000F61303 /* FrenchVerbImperatifModel.swift */ = {isa = PBXFileReference; fileEncoding = 4; lastKnownFileType = sourcecode.swift; path = FrenchVerbImperatifModel.swift; sourceTree = "<group>"; };
		84F02F312B1E2D8000F61303 /* FrenchVerbIndicatifModel.swift */ = {isa = PBXFileReference; fileEncoding = 4; lastKnownFileType = sourcecode.swift; path = FrenchVerbIndicatifModel.swift; sourceTree = "<group>"; };
		84F02F322B1E2D8000F61303 /* FrenchVerbSubjonctifModel.swift */ = {isa = PBXFileReference; fileEncoding = 4; lastKnownFileType = sourcecode.swift; path = FrenchVerbSubjonctifModel.swift; sourceTree = "<group>"; };
		84F02F3E2B1E2D9500F61303 /* Context.swift */ = {isa = PBXFileReference; lastKnownFileType = sourcecode.swift; path = Context.swift; sourceTree = "<group>"; };
		BE5675A52ACDC90A00ACB14C /* ConjugActionApp.app */ = {isa = PBXFileReference; explicitFileType = wrapper.application; includeInIndex = 0; path = ConjugActionApp.app; sourceTree = BUILT_PRODUCTS_DIR; };
		BE5675A82ACDC90A00ACB14C /* AppDelegate.swift */ = {isa = PBXFileReference; lastKnownFileType = sourcecode.swift; path = AppDelegate.swift; sourceTree = "<group>"; };
		BE5675AA2ACDC90A00ACB14C /* SceneDelegate.swift */ = {isa = PBXFileReference; lastKnownFileType = sourcecode.swift; path = SceneDelegate.swift; sourceTree = "<group>"; };
		BE5675AC2ACDC90A00ACB14C /* ViewController.swift */ = {isa = PBXFileReference; lastKnownFileType = sourcecode.swift; path = ViewController.swift; sourceTree = "<group>"; };
		BE5675AF2ACDC90A00ACB14C /* Base */ = {isa = PBXFileReference; lastKnownFileType = file.storyboard; name = Base; path = Base.lproj/Main.storyboard; sourceTree = "<group>"; };
		BE5675B12ACDC90C00ACB14C /* Assets.xcassets */ = {isa = PBXFileReference; lastKnownFileType = folder.assetcatalog; path = Assets.xcassets; sourceTree = "<group>"; };
		BE5675B42ACDC90C00ACB14C /* Base */ = {isa = PBXFileReference; lastKnownFileType = file.storyboard; name = Base; path = Base.lproj/LaunchScreen.storyboard; sourceTree = "<group>"; };
		BE5675B62ACDC90C00ACB14C /* Info.plist */ = {isa = PBXFileReference; lastKnownFileType = text.plist.xml; path = Info.plist; sourceTree = "<group>"; };
		BE768D862B0E3C8C005C8CCE /* Toast.swift */ = {isa = PBXFileReference; lastKnownFileType = sourcecode.swift; path = Toast.swift; sourceTree = "<group>"; };
		BE768D882B0E3CB6005C8CCE /* enumSegue.swift */ = {isa = PBXFileReference; lastKnownFileType = sourcecode.swift; path = enumSegue.swift; sourceTree = "<group>"; };
		BE768D8C2B0E4AFD005C8CCE /* SignUpPageViewController.swift */ = {isa = PBXFileReference; lastKnownFileType = sourcecode.swift; path = SignUpPageViewController.swift; sourceTree = "<group>"; };
		BE768D902B0E7978005C8CCE /* ConjugationPageViewController.swift */ = {isa = PBXFileReference; lastKnownFileType = sourcecode.swift; path = ConjugationPageViewController.swift; sourceTree = "<group>"; };
		BE79ABF72B1441AD00F30E53 /* VerbProvider.swift */ = {isa = PBXFileReference; lastKnownFileType = sourcecode.swift; path = VerbProvider.swift; sourceTree = "<group>"; };
		BE7D840E2B14D8FA000AB436 /* SecondTableViewCell.swift */ = {isa = PBXFileReference; lastKnownFileType = sourcecode.swift; path = SecondTableViewCell.swift; sourceTree = "<group>"; };
		BE7D840F2B14D8FA000AB436 /* SecondTableViewCell.xib */ = {isa = PBXFileReference; lastKnownFileType = file.xib; path = SecondTableViewCell.xib; sourceTree = "<group>"; };
		BE8CBD542AD98835008E590F /* LogInPageViewController.swift */ = {isa = PBXFileReference; lastKnownFileType = sourcecode.swift; path = LogInPageViewController.swift; sourceTree = "<group>"; };
/* End PBXFileReference section */

/* Begin PBXFrameworksBuildPhase section */
		BE5675A22ACDC90A00ACB14C /* Frameworks */ = {
			isa = PBXFrameworksBuildPhase;
			buildActionMask = 2147483647;
			files = (
			);
			runOnlyForDeploymentPostprocessing = 0;
		};
/* End PBXFrameworksBuildPhase section */

/* Begin PBXGroup section */
		84F02F252B1E2D8000F61303 /* Service */ = {
			isa = PBXGroup;
			children = (
				84F02F262B1E2D8000F61303 /* API */,
			);
			name = Service;
			path = ../../../../../Downloads/FrenchVerbAPI/Service;
			sourceTree = "<group>";
		};
		84F02F262B1E2D8000F61303 /* API */ = {
			isa = PBXGroup;
			children = (
				84F02F272B1E2D8000F61303 /* FrenchVerbAPI */,
				84F02F292B1E2D8000F61303 /* API.swift */,
			);
			path = API;
			sourceTree = "<group>";
		};
		84F02F272B1E2D8000F61303 /* FrenchVerbAPI */ = {
			isa = PBXGroup;
			children = (
				84F02F282B1E2D8000F61303 /* FrenchVerbAPI.swift */,
			);
			path = FrenchVerbAPI;
			sourceTree = "<group>";
		};
		84F02F2A2B1E2D8000F61303 /* Model */ = {
			isa = PBXGroup;
			children = (
				84F02F2B2B1E2D8000F61303 /* FrenchVerbInfinitiveModel.swift */,
				84F02F2C2B1E2D8000F61303 /* FrenchVerbParticipeModel.swift */,
				84F02F2D2B1E2D8000F61303 /* FrenchVerbConditionnelModel.swift */,
				84F02F2E2B1E2D8000F61303 /* example.json */,
				84F02F2F2B1E2D8000F61303 /* FrenchVerbModel.swift */,
				84F02F302B1E2D8000F61303 /* FrenchVerbImperatifModel.swift */,
				84F02F312B1E2D8000F61303 /* FrenchVerbIndicatifModel.swift */,
				84F02F322B1E2D8000F61303 /* FrenchVerbSubjonctifModel.swift */,
			);
			name = Model;
			path = ../../../../../Downloads/FrenchVerbAPI/Model;
			sourceTree = "<group>";
		};
		84F02F3D2B1E2D8A00F61303 /* Shared */ = {
			isa = PBXGroup;
			children = (
				84F02F3E2B1E2D9500F61303 /* Context.swift */,
			);
			path = Shared;
			sourceTree = "<group>";
		};
		BE55BD952B026FC100948E4F /* View */ = {
			isa = PBXGroup;
			children = (
				BE5675AE2ACDC90A00ACB14C /* Main.storyboard */,
			);
			path = View;
			sourceTree = "<group>";
		};
		BE55BD972B026FEC00948E4F /* Controller */ = {
			isa = PBXGroup;
			children = (
				BE5675AC2ACDC90A00ACB14C /* ViewController.swift */,
				BE768D902B0E7978005C8CCE /* ConjugationPageViewController.swift */,
				BE8CBD542AD98835008E590F /* LogInPageViewController.swift */,
				BE768D8C2B0E4AFD005C8CCE /* SignUpPageViewController.swift */,
			);
			path = Controller;
			sourceTree = "<group>";
		};
		BE55BD982B026FFB00948E4F /* Source */ = {
			isa = PBXGroup;
			children = (
				BE768D862B0E3C8C005C8CCE /* Toast.swift */,
				BE768D882B0E3CB6005C8CCE /* enumSegue.swift */,
			);
			path = Source;
			sourceTree = "<group>";
		};
		BE55BD9A2B02704800948E4F /* Service */ = {
			isa = PBXGroup;
			children = (
				BE79ABF72B1441AD00F30E53 /* VerbProvider.swift */,
			);
			path = Service;
			sourceTree = "<group>";
		};
		BE56759C2ACDC90A00ACB14C = {
			isa = PBXGroup;
			children = (
				BE5675A72ACDC90A00ACB14C /* ConjugActionApp */,
				BE5675A62ACDC90A00ACB14C /* Products */,
			);
			sourceTree = "<group>";
		};
		BE5675A62ACDC90A00ACB14C /* Products */ = {
			isa = PBXGroup;
			children = (
				BE5675A52ACDC90A00ACB14C /* ConjugActionApp.app */,
			);
			name = Products;
			sourceTree = "<group>";
		};
		BE5675A72ACDC90A00ACB14C /* ConjugActionApp */ = {
			isa = PBXGroup;
			children = (
				84F02F3D2B1E2D8A00F61303 /* Shared */,
				84F02F2A2B1E2D8000F61303 /* Model */,
				84F02F252B1E2D8000F61303 /* Service */,
				BE55BD972B026FEC00948E4F /* Controller */,
				BE55BD952B026FC100948E4F /* View */,
				BE55BD9A2B02704800948E4F /* Service */,
				BE55BD982B026FFB00948E4F /* Source */,
				BE5675A82ACDC90A00ACB14C /* AppDelegate.swift */,
				BE5675AA2ACDC90A00ACB14C /* SceneDelegate.swift */,
				BE5675B12ACDC90C00ACB14C /* Assets.xcassets */,
				BE5675B32ACDC90C00ACB14C /* LaunchScreen.storyboard */,
				BE5675B62ACDC90C00ACB14C /* Info.plist */,
				BE7D840E2B14D8FA000AB436 /* SecondTableViewCell.swift */,
				BE7D840F2B14D8FA000AB436 /* SecondTableViewCell.xib */,
			);
			path = ConjugActionApp;
			sourceTree = "<group>";
		};
/* End PBXGroup section */

/* Begin PBXNativeTarget section */
		BE5675A42ACDC90A00ACB14C /* ConjugActionApp */ = {
			isa = PBXNativeTarget;
			buildConfigurationList = BE5675B92ACDC90C00ACB14C /* Build configuration list for PBXNativeTarget "ConjugActionApp" */;
			buildPhases = (
				BE5675A12ACDC90A00ACB14C /* Sources */,
				BE5675A22ACDC90A00ACB14C /* Frameworks */,
				BE5675A32ACDC90A00ACB14C /* Resources */,
			);
			buildRules = (
			);
			dependencies = (
			);
			name = ConjugActionApp;
			productName = ConjugActionApp;
			productReference = BE5675A52ACDC90A00ACB14C /* ConjugActionApp.app */;
			productType = "com.apple.product-type.application";
		};
/* End PBXNativeTarget section */

/* Begin PBXProject section */
		BE56759D2ACDC90A00ACB14C /* Project object */ = {
			isa = PBXProject;
			attributes = {
				BuildIndependentTargetsInParallel = 1;
				LastSwiftUpdateCheck = 1500;
				LastUpgradeCheck = 1500;
				TargetAttributes = {
					BE5675A42ACDC90A00ACB14C = {
						CreatedOnToolsVersion = 15.0;
					};
				};
			};
			buildConfigurationList = BE5675A02ACDC90A00ACB14C /* Build configuration list for PBXProject "ConjugActionApp" */;
			compatibilityVersion = "Xcode 14.0";
			developmentRegion = en;
			hasScannedForEncodings = 0;
			knownRegions = (
				en,
				Base,
			);
			mainGroup = BE56759C2ACDC90A00ACB14C;
			productRefGroup = BE5675A62ACDC90A00ACB14C /* Products */;
			projectDirPath = "";
			projectRoot = "";
			targets = (
				BE5675A42ACDC90A00ACB14C /* ConjugActionApp */,
			);
		};
/* End PBXProject section */

/* Begin PBXResourcesBuildPhase section */
		BE5675A32ACDC90A00ACB14C /* Resources */ = {
			isa = PBXResourcesBuildPhase;
			buildActionMask = 2147483647;
			files = (
				BE5675B52ACDC90C00ACB14C /* LaunchScreen.storyboard in Resources */,
				84F02F382B1E2D8000F61303 /* example.json in Resources */,
				BE7D84112B14D8FA000AB436 /* SecondTableViewCell.xib in Resources */,
				BE5675B22ACDC90C00ACB14C /* Assets.xcassets in Resources */,
				BE5675B02ACDC90A00ACB14C /* Main.storyboard in Resources */,
			);
			runOnlyForDeploymentPostprocessing = 0;
		};
/* End PBXResourcesBuildPhase section */

/* Begin PBXSourcesBuildPhase section */
		BE5675A12ACDC90A00ACB14C /* Sources */ = {
			isa = PBXSourcesBuildPhase;
			buildActionMask = 2147483647;
			files = (
				BE8CBD552AD98835008E590F /* LogInPageViewController.swift in Sources */,
				BE768D872B0E3C8C005C8CCE /* Toast.swift in Sources */,
				BE768D892B0E3CB6005C8CCE /* enumSegue.swift in Sources */,
				84F02F342B1E2D8000F61303 /* API.swift in Sources */,
				84F02F352B1E2D8000F61303 /* FrenchVerbInfinitiveModel.swift in Sources */,
				84F02F362B1E2D8000F61303 /* FrenchVerbParticipeModel.swift in Sources */,
				BE7D84102B14D8FA000AB436 /* SecondTableViewCell.swift in Sources */,
				84F02F332B1E2D8000F61303 /* FrenchVerbAPI.swift in Sources */,
				84F02F3C2B1E2D8000F61303 /* FrenchVerbSubjonctifModel.swift in Sources */,
				BE5675AD2ACDC90A00ACB14C /* ViewController.swift in Sources */,
				BE5675A92ACDC90A00ACB14C /* AppDelegate.swift in Sources */,
				84F02F372B1E2D8000F61303 /* FrenchVerbConditionnelModel.swift in Sources */,
				BE5675AB2ACDC90A00ACB14C /* SceneDelegate.swift in Sources */,
				84F02F3B2B1E2D8000F61303 /* FrenchVerbIndicatifModel.swift in Sources */,
				BE768D8D2B0E4AFD005C8CCE /* SignUpPageViewController.swift in Sources */,
				84F02F3A2B1E2D8000F61303 /* FrenchVerbImperatifModel.swift in Sources */,
				84F02F3F2B1E2D9500F61303 /* Context.swift in Sources */,
				84F02F392B1E2D8000F61303 /* FrenchVerbModel.swift in Sources */,
				BE768D912B0E7978005C8CCE /* ConjugationPageViewController.swift in Sources */,
				BE79ABF82B1441AD00F30E53 /* VerbProvider.swift in Sources */,
			);
			runOnlyForDeploymentPostprocessing = 0;
		};
/* End PBXSourcesBuildPhase section */

/* Begin PBXVariantGroup section */
		BE5675AE2ACDC90A00ACB14C /* Main.storyboard */ = {
			isa = PBXVariantGroup;
			children = (
				BE5675AF2ACDC90A00ACB14C /* Base */,
			);
			name = Main.storyboard;
			sourceTree = "<group>";
		};
		BE5675B32ACDC90C00ACB14C /* LaunchScreen.storyboard */ = {
			isa = PBXVariantGroup;
			children = (
				BE5675B42ACDC90C00ACB14C /* Base */,
			);
			name = LaunchScreen.storyboard;
			sourceTree = "<group>";
		};
/* End PBXVariantGroup section */

/* Begin XCBuildConfiguration section */
		BE5675B72ACDC90C00ACB14C /* Debug */ = {
			isa = XCBuildConfiguration;
			buildSettings = {
				ALWAYS_SEARCH_USER_PATHS = NO;
				ASSETCATALOG_COMPILER_GENERATE_SWIFT_ASSET_SYMBOL_EXTENSIONS = YES;
				CLANG_ANALYZER_NONNULL = YES;
				CLANG_ANALYZER_NUMBER_OBJECT_CONVERSION = YES_AGGRESSIVE;
				CLANG_CXX_LANGUAGE_STANDARD = "gnu++20";
				CLANG_ENABLE_MODULES = YES;
				CLANG_ENABLE_OBJC_ARC = YES;
				CLANG_ENABLE_OBJC_WEAK = YES;
				CLANG_WARN_BLOCK_CAPTURE_AUTORELEASING = YES;
				CLANG_WARN_BOOL_CONVERSION = YES;
				CLANG_WARN_COMMA = YES;
				CLANG_WARN_CONSTANT_CONVERSION = YES;
				CLANG_WARN_DEPRECATED_OBJC_IMPLEMENTATIONS = YES;
				CLANG_WARN_DIRECT_OBJC_ISA_USAGE = YES_ERROR;
				CLANG_WARN_DOCUMENTATION_COMMENTS = YES;
				CLANG_WARN_EMPTY_BODY = YES;
				CLANG_WARN_ENUM_CONVERSION = YES;
				CLANG_WARN_INFINITE_RECURSION = YES;
				CLANG_WARN_INT_CONVERSION = YES;
				CLANG_WARN_NON_LITERAL_NULL_CONVERSION = YES;
				CLANG_WARN_OBJC_IMPLICIT_RETAIN_SELF = YES;
				CLANG_WARN_OBJC_LITERAL_CONVERSION = YES;
				CLANG_WARN_OBJC_ROOT_CLASS = YES_ERROR;
				CLANG_WARN_QUOTED_INCLUDE_IN_FRAMEWORK_HEADER = YES;
				CLANG_WARN_RANGE_LOOP_ANALYSIS = YES;
				CLANG_WARN_STRICT_PROTOTYPES = YES;
				CLANG_WARN_SUSPICIOUS_MOVE = YES;
				CLANG_WARN_UNGUARDED_AVAILABILITY = YES_AGGRESSIVE;
				CLANG_WARN_UNREACHABLE_CODE = YES;
				CLANG_WARN__DUPLICATE_METHOD_MATCH = YES;
				COPY_PHASE_STRIP = NO;
				DEBUG_INFORMATION_FORMAT = dwarf;
				ENABLE_STRICT_OBJC_MSGSEND = YES;
				ENABLE_TESTABILITY = YES;
				ENABLE_USER_SCRIPT_SANDBOXING = YES;
				GCC_C_LANGUAGE_STANDARD = gnu17;
				GCC_DYNAMIC_NO_PIC = NO;
				GCC_NO_COMMON_BLOCKS = YES;
				GCC_OPTIMIZATION_LEVEL = 0;
				GCC_PREPROCESSOR_DEFINITIONS = (
					"DEBUG=1",
					"$(inherited)",
				);
				GCC_WARN_64_TO_32_BIT_CONVERSION = YES;
				GCC_WARN_ABOUT_RETURN_TYPE = YES_ERROR;
				GCC_WARN_UNDECLARED_SELECTOR = YES;
				GCC_WARN_UNINITIALIZED_AUTOS = YES_AGGRESSIVE;
				GCC_WARN_UNUSED_FUNCTION = YES;
				GCC_WARN_UNUSED_VARIABLE = YES;
				IPHONEOS_DEPLOYMENT_TARGET = 16.4;
				LOCALIZATION_PREFERS_STRING_CATALOGS = YES;
				MTL_ENABLE_DEBUG_INFO = INCLUDE_SOURCE;
				MTL_FAST_MATH = YES;
				ONLY_ACTIVE_ARCH = YES;
				SDKROOT = iphoneos;
				SWIFT_ACTIVE_COMPILATION_CONDITIONS = "DEBUG $(inherited)";
				SWIFT_OPTIMIZATION_LEVEL = "-Onone";
			};
			name = Debug;
		};
		BE5675B82ACDC90C00ACB14C /* Release */ = {
			isa = XCBuildConfiguration;
			buildSettings = {
				ALWAYS_SEARCH_USER_PATHS = NO;
				ASSETCATALOG_COMPILER_GENERATE_SWIFT_ASSET_SYMBOL_EXTENSIONS = YES;
				CLANG_ANALYZER_NONNULL = YES;
				CLANG_ANALYZER_NUMBER_OBJECT_CONVERSION = YES_AGGRESSIVE;
				CLANG_CXX_LANGUAGE_STANDARD = "gnu++20";
				CLANG_ENABLE_MODULES = YES;
				CLANG_ENABLE_OBJC_ARC = YES;
				CLANG_ENABLE_OBJC_WEAK = YES;
				CLANG_WARN_BLOCK_CAPTURE_AUTORELEASING = YES;
				CLANG_WARN_BOOL_CONVERSION = YES;
				CLANG_WARN_COMMA = YES;
				CLANG_WARN_CONSTANT_CONVERSION = YES;
				CLANG_WARN_DEPRECATED_OBJC_IMPLEMENTATIONS = YES;
				CLANG_WARN_DIRECT_OBJC_ISA_USAGE = YES_ERROR;
				CLANG_WARN_DOCUMENTATION_COMMENTS = YES;
				CLANG_WARN_EMPTY_BODY = YES;
				CLANG_WARN_ENUM_CONVERSION = YES;
				CLANG_WARN_INFINITE_RECURSION = YES;
				CLANG_WARN_INT_CONVERSION = YES;
				CLANG_WARN_NON_LITERAL_NULL_CONVERSION = YES;
				CLANG_WARN_OBJC_IMPLICIT_RETAIN_SELF = YES;
				CLANG_WARN_OBJC_LITERAL_CONVERSION = YES;
				CLANG_WARN_OBJC_ROOT_CLASS = YES_ERROR;
				CLANG_WARN_QUOTED_INCLUDE_IN_FRAMEWORK_HEADER = YES;
				CLANG_WARN_RANGE_LOOP_ANALYSIS = YES;
				CLANG_WARN_STRICT_PROTOTYPES = YES;
				CLANG_WARN_SUSPICIOUS_MOVE = YES;
				CLANG_WARN_UNGUARDED_AVAILABILITY = YES_AGGRESSIVE;
				CLANG_WARN_UNREACHABLE_CODE = YES;
				CLANG_WARN__DUPLICATE_METHOD_MATCH = YES;
				COPY_PHASE_STRIP = NO;
				DEBUG_INFORMATION_FORMAT = "dwarf-with-dsym";
				ENABLE_NS_ASSERTIONS = NO;
				ENABLE_STRICT_OBJC_MSGSEND = YES;
				ENABLE_USER_SCRIPT_SANDBOXING = YES;
				GCC_C_LANGUAGE_STANDARD = gnu17;
				GCC_NO_COMMON_BLOCKS = YES;
				GCC_WARN_64_TO_32_BIT_CONVERSION = YES;
				GCC_WARN_ABOUT_RETURN_TYPE = YES_ERROR;
				GCC_WARN_UNDECLARED_SELECTOR = YES;
				GCC_WARN_UNINITIALIZED_AUTOS = YES_AGGRESSIVE;
				GCC_WARN_UNUSED_FUNCTION = YES;
				GCC_WARN_UNUSED_VARIABLE = YES;
				IPHONEOS_DEPLOYMENT_TARGET = 16.4;
				LOCALIZATION_PREFERS_STRING_CATALOGS = YES;
				MTL_ENABLE_DEBUG_INFO = NO;
				MTL_FAST_MATH = YES;
				SDKROOT = iphoneos;
				SWIFT_COMPILATION_MODE = wholemodule;
				VALIDATE_PRODUCT = YES;
			};
			name = Release;
		};
		BE5675BA2ACDC90C00ACB14C /* Debug */ = {
			isa = XCBuildConfiguration;
			buildSettings = {
				ASSETCATALOG_COMPILER_APPICON_NAME = AppIcon;
				ASSETCATALOG_COMPILER_GLOBAL_ACCENT_COLOR_NAME = AccentColor;
				CODE_SIGN_STYLE = Automatic;
				CURRENT_PROJECT_VERSION = 1;
				GENERATE_INFOPLIST_FILE = YES;
				INFOPLIST_FILE = ConjugActionApp/Info.plist;
				INFOPLIST_KEY_UIApplicationSupportsIndirectInputEvents = YES;
				INFOPLIST_KEY_UILaunchStoryboardName = LaunchScreen;
				INFOPLIST_KEY_UIMainStoryboardFile = Main;
				INFOPLIST_KEY_UISupportedInterfaceOrientations_iPad = "UIInterfaceOrientationPortrait UIInterfaceOrientationPortraitUpsideDown UIInterfaceOrientationLandscapeLeft UIInterfaceOrientationLandscapeRight";
				INFOPLIST_KEY_UISupportedInterfaceOrientations_iPhone = "UIInterfaceOrientationPortrait UIInterfaceOrientationLandscapeLeft UIInterfaceOrientationLandscapeRight";
				LD_RUNPATH_SEARCH_PATHS = (
					"$(inherited)",
					"@executable_path/Frameworks",
				);
				MARKETING_VERSION = 1.0;
				PRODUCT_BUNDLE_IDENTIFIER = lopes.bruno.ConjugActionApp;
				PRODUCT_NAME = "$(TARGET_NAME)";
				SWIFT_EMIT_LOC_STRINGS = YES;
				SWIFT_VERSION = 5.0;
				TARGETED_DEVICE_FAMILY = "1,2";
			};
			name = Debug;
		};
		BE5675BB2ACDC90C00ACB14C /* Release */ = {
			isa = XCBuildConfiguration;
			buildSettings = {
				ASSETCATALOG_COMPILER_APPICON_NAME = AppIcon;
				ASSETCATALOG_COMPILER_GLOBAL_ACCENT_COLOR_NAME = AccentColor;
				CODE_SIGN_STYLE = Automatic;
				CURRENT_PROJECT_VERSION = 1;
				GENERATE_INFOPLIST_FILE = YES;
				INFOPLIST_FILE = ConjugActionApp/Info.plist;
				INFOPLIST_KEY_UIApplicationSupportsIndirectInputEvents = YES;
				INFOPLIST_KEY_UILaunchStoryboardName = LaunchScreen;
				INFOPLIST_KEY_UIMainStoryboardFile = Main;
				INFOPLIST_KEY_UISupportedInterfaceOrientations_iPad = "UIInterfaceOrientationPortrait UIInterfaceOrientationPortraitUpsideDown UIInterfaceOrientationLandscapeLeft UIInterfaceOrientationLandscapeRight";
				INFOPLIST_KEY_UISupportedInterfaceOrientations_iPhone = "UIInterfaceOrientationPortrait UIInterfaceOrientationLandscapeLeft UIInterfaceOrientationLandscapeRight";
				LD_RUNPATH_SEARCH_PATHS = (
					"$(inherited)",
					"@executable_path/Frameworks",
				);
				MARKETING_VERSION = 1.0;
				PRODUCT_BUNDLE_IDENTIFIER = lopes.bruno.ConjugActionApp;
				PRODUCT_NAME = "$(TARGET_NAME)";
				SWIFT_EMIT_LOC_STRINGS = YES;
				SWIFT_VERSION = 5.0;
				TARGETED_DEVICE_FAMILY = "1,2";
			};
			name = Release;
		};
/* End XCBuildConfiguration section */

/* Begin XCConfigurationList section */
		BE5675A02ACDC90A00ACB14C /* Build configuration list for PBXProject "ConjugActionApp" */ = {
			isa = XCConfigurationList;
			buildConfigurations = (
				BE5675B72ACDC90C00ACB14C /* Debug */,
				BE5675B82ACDC90C00ACB14C /* Release */,
			);
			defaultConfigurationIsVisible = 0;
			defaultConfigurationName = Release;
		};
		BE5675B92ACDC90C00ACB14C /* Build configuration list for PBXNativeTarget "ConjugActionApp" */ = {
			isa = XCConfigurationList;
			buildConfigurations = (
				BE5675BA2ACDC90C00ACB14C /* Debug */,
				BE5675BB2ACDC90C00ACB14C /* Release */,
			);
			defaultConfigurationIsVisible = 0;
			defaultConfigurationName = Release;
		};
/* End XCConfigurationList section */
	};
	rootObject = BE56759D2ACDC90A00ACB14C /* Project object */;
}
